
Microsoft Visual Studio Solution File, Format Version 12.00
Project("{FAE04EC0-301F-11D3-BF4B-00C04F79EFBC}") = "TcpServer", "TcpServer\TcpServer.csproj", "{C1E2DF12-730C-4DC5-9DA2-C84AC555F0F1}"
EndProject
Project("{FAE04EC0-301F-11D3-BF4B-00C04F79EFBC}") = "TcpClien", "TcpClien\TcpClien.csproj", "{9227E4DC-D17A-4DD7-9C5B-0D9914E915FB}"
EndProject
Global
	GlobalSection(SolutionConfigurationPlatforms) = preSolution
		Debug|Any CPU = Debug|Any CPU
		Release|Any CPU = Release|Any CPU
	EndGlobalSection
	GlobalSection(ProjectConfigurationPlatforms) = postSolution
		{C1E2DF12-730C-4DC5-9DA2-C84AC555F0F1}.Debug|Any CPU.ActiveCfg = Debug|Any CPU
		{C1E2DF12-730C-4DC5-9DA2-C84AC555F0F1}.Debug|Any CPU.Build.0 = Debug|Any CPU
		{C1E2DF12-730C-4DC5-9DA2-C84AC555F0F1}.Release|Any CPU.ActiveCfg = Release|Any CPU
		{C1E2DF12-730C-4DC5-9DA2-C84AC555F0F1}.Release|Any CPU.Build.0 = Release|Any CPU
		{9227E4DC-D17A-4DD7-9C5B-0D9914E915FB}.Debug|Any CPU.ActiveCfg = Debug|Any CPU
		{9227E4DC-D17A-4DD7-9C5B-0D9914E915FB}.Debug|Any CPU.Build.0 = Debug|Any CPU
		{9227E4DC-D17A-4DD7-9C5B-0D9914E915FB}.Release|Any CPU.ActiveCfg = Release|Any CPU
		{9227E4DC-D17A-4DD7-9C5B-0D9914E915FB}.Release|Any CPU.Build.0 = Release|Any CPU
	EndGlobalSection
EndGlobal
